
Microsoft Visual Studio Solution File, Format Version 12.00
# Visual Studio Version 17
VisualStudioVersion = 17.6.33723.286
MinimumVisualStudioVersion = 10.0.40219.1
Project("{FAE04EC0-301F-11D3-BF4B-00C04F79EFBC}") = "backend", "backend.csproj", "{6E344B93-A526-41F6-9968-D3CFBB70072F}"
EndProject
Global
	GlobalSection(SolutionConfigurationPlatforms) = preSolution
		Debug|Any CPU = Debug|Any CPU
		Release|Any CPU = Release|Any CPU
	EndGlobalSection
	GlobalSection(ProjectConfigurationPlatforms) = postSolution
		{6E344B93-A526-41F6-9968-D3CFBB70072F}.Debug|Any CPU.ActiveCfg = Debug|Any CPU
		{6E344B93-A526-41F6-9968-D3CFBB70072F}.Debug|Any CPU.Build.0 = Debug|Any CPU
		{6E344B93-A526-41F6-9968-D3CFBB70072F}.Release|Any CPU.ActiveCfg = Release|Any CPU
		{6E344B93-A526-41F6-9968-D3CFBB70072F}.Release|Any CPU.Build.0 = Release|Any CPU
	EndGlobalSection
	GlobalSection(SolutionProperties) = preSolution
		HideSolutionNode = FALSE
	EndGlobalSection
	GlobalSection(ExtensibilityGlobals) = postSolution
		SolutionGuid = {B023439A-3BDB-4E34-AB2A-018E4F0644AF}
	EndGlobalSection
EndGlobal
